// !$*UTF8*$!
{
	archiveVersion = 1;
	classes = {
	};
	objectVersion = 50;
	objects = {

/* Begin PBXBuildFile section */
		EC02C2B627051F04002166E2 /* SelectGenreViewController.swift in Sources */ = {isa = PBXBuildFile; fileRef = EC02C2B527051F04002166E2 /* SelectGenreViewController.swift */; };
		EC02C2B8270529E7002166E2 /* AddCommentsViewController.swift in Sources */ = {isa = PBXBuildFile; fileRef = EC02C2B7270529E7002166E2 /* AddCommentsViewController.swift */; };
		EC02C2BA270779BA002166E2 /* SubmitViewController.swift in Sources */ = {isa = PBXBuildFile; fileRef = EC02C2B9270779BA002166E2 /* SubmitViewController.swift */; };
		EC8F5BC52703B86800512C26 /* AppDelegate.swift in Sources */ = {isa = PBXBuildFile; fileRef = EC8F5BC42703B86800512C26 /* AppDelegate.swift */; };
		EC8F5BC72703B86800512C26 /* SceneDelegate.swift in Sources */ = {isa = PBXBuildFile; fileRef = EC8F5BC62703B86800512C26 /* SceneDelegate.swift */; };
		EC8F5BC92703B86800512C26 /* ViewController.swift in Sources */ = {isa = PBXBuildFile; fileRef = EC8F5BC82703B86800512C26 /* ViewController.swift */; };
		EC8F5BCC2703B86800512C26 /* Main.storyboard in Resources */ = {isa = PBXBuildFile; fileRef = EC8F5BCA2703B86800512C26 /* Main.storyboard */; };
		EC8F5BCE2703B86A00512C26 /* Assets.xcassets in Resources */ = {isa = PBXBuildFile; fileRef = EC8F5BCD2703B86A00512C26 /* Assets.xcassets */; };
		EC8F5BD12703B86A00512C26 /* LaunchScreen.storyboard in Resources */ = {isa = PBXBuildFile; fileRef = EC8F5BCF2703B86A00512C26 /* LaunchScreen.storyboard */; };
		EC8F5BD92703BB2400512C26 /* RecordWhistleViewController.swift in Sources */ = {isa = PBXBuildFile; fileRef = EC8F5BD82703BB2400512C26 /* RecordWhistleViewController.swift */; };
/* End PBXBuildFile section */

/* Begin PBXFileReference section */
		EC02C2B527051F04002166E2 /* SelectGenreViewController.swift */ = {isa = PBXFileReference; lastKnownFileType = sourcecode.swift; path = SelectGenreViewController.swift; sourceTree = "<group>"; };
		EC02C2B7270529E7002166E2 /* AddCommentsViewController.swift */ = {isa = PBXFileReference; lastKnownFileType = sourcecode.swift; path = AddCommentsViewController.swift; sourceTree = "<group>"; };
		EC02C2B9270779BA002166E2 /* SubmitViewController.swift */ = {isa = PBXFileReference; lastKnownFileType = sourcecode.swift; path = SubmitViewController.swift; sourceTree = "<group>"; };
		EC8F5BC12703B86800512C26 /* Swift_Project33.app */ = {isa = PBXFileReference; explicitFileType = wrapper.application; includeInIndex = 0; path = Swift_Project33.app; sourceTree = BUILT_PRODUCTS_DIR; };
		EC8F5BC42703B86800512C26 /* AppDelegate.swift */ = {isa = PBXFileReference; lastKnownFileType = sourcecode.swift; path = AppDelegate.swift; sourceTree = "<group>"; };
		EC8F5BC62703B86800512C26 /* SceneDelegate.swift */ = {isa = PBXFileReference; lastKnownFileType = sourcecode.swift; path = SceneDelegate.swift; sourceTree = "<group>"; };
		EC8F5BC82703B86800512C26 /* ViewController.swift */ = {isa = PBXFileReference; lastKnownFileType = sourcecode.swift; path = ViewController.swift; sourceTree = "<group>"; };
		EC8F5BCB2703B86800512C26 /* Base */ = {isa = PBXFileReference; lastKnownFileType = file.storyboard; name = Base; path = Base.lproj/Main.storyboard; sourceTree = "<group>"; };
		EC8F5BCD2703B86A00512C26 /* Assets.xcassets */ = {isa = PBXFileReference; lastKnownFileType = folder.assetcatalog; path = Assets.xcassets; sourceTree = "<group>"; };
		EC8F5BD02703B86A00512C26 /* Base */ = {isa = PBXFileReference; lastKnownFileType = file.storyboard; name = Base; path = Base.lproj/LaunchScreen.storyboard; sourceTree = "<group>"; };
		EC8F5BD22703B86A00512C26 /* Info.plist */ = {isa = PBXFileReference; lastKnownFileType = text.plist.xml; path = Info.plist; sourceTree = "<group>"; };
		EC8F5BD82703BB2400512C26 /* RecordWhistleViewController.swift */ = {isa = PBXFileReference; lastKnownFileType = sourcecode.swift; path = RecordWhistleViewController.swift; sourceTree = "<group>"; };
/* End PBXFileReference section */

/* Begin PBXFrameworksBuildPhase section */
		EC8F5BBE2703B86800512C26 /* Frameworks */ = {
			isa = PBXFrameworksBuildPhase;
			buildActionMask = 2147483647;
			files = (
			);
			runOnlyForDeploymentPostprocessing = 0;
		};
/* End PBXFrameworksBuildPhase section */

/* Begin PBXGroup section */
		EC8F5BB82703B86800512C26 = {
			isa = PBXGroup;
			children = (
				EC8F5BC32703B86800512C26 /* Swift_Project33 */,
				EC8F5BC22703B86800512C26 /* Products */,
			);
			sourceTree = "<group>";
		};
		EC8F5BC22703B86800512C26 /* Products */ = {
			isa = PBXGroup;
			children = (
				EC8F5BC12703B86800512C26 /* Swift_Project33.app */,
			);
			name = Products;
			sourceTree = "<group>";
		};
		EC8F5BC32703B86800512C26 /* Swift_Project33 */ = {
			isa = PBXGroup;
			children = (
				EC8F5BC42703B86800512C26 /* AppDelegate.swift */,
				EC8F5BC62703B86800512C26 /* SceneDelegate.swift */,
				EC8F5BD82703BB2400512C26 /* RecordWhistleViewController.swift */,
				EC02C2B527051F04002166E2 /* SelectGenreViewController.swift */,
				EC02C2B7270529E7002166E2 /* AddCommentsViewController.swift */,
				EC02C2B9270779BA002166E2 /* SubmitViewController.swift */,
				EC8F5BC82703B86800512C26 /* ViewController.swift */,
				EC8F5BCA2703B86800512C26 /* Main.storyboard */,
				EC8F5BCD2703B86A00512C26 /* Assets.xcassets */,
				EC8F5BCF2703B86A00512C26 /* LaunchScreen.storyboard */,
				EC8F5BD22703B86A00512C26 /* Info.plist */,
			);
			path = Swift_Project33;
			sourceTree = "<group>";
		};
/* End PBXGroup section */

/* Begin PBXNativeTarget section */
		EC8F5BC02703B86800512C26 /* Swift_Project33 */ = {
			isa = PBXNativeTarget;
			buildConfigurationList = EC8F5BD52703B86A00512C26 /* Build configuration list for PBXNativeTarget "Swift_Project33" */;
			buildPhases = (
				EC8F5BBD2703B86800512C26 /* Sources */,
				EC8F5BBE2703B86800512C26 /* Frameworks */,
				EC8F5BBF2703B86800512C26 /* Resources */,
			);
			buildRules = (
			);
			dependencies = (
			);
			name = Swift_Project33;
			productName = Swift_Project33;
			productReference = EC8F5BC12703B86800512C26 /* Swift_Project33.app */;
			productType = "com.apple.product-type.application";
		};
/* End PBXNativeTarget section */

/* Begin PBXProject section */
		EC8F5BB92703B86800512C26 /* Project object */ = {
			isa = PBXProject;
			attributes = {
				LastSwiftUpdateCheck = 1250;
				LastUpgradeCheck = 1250;
				TargetAttributes = {
					EC8F5BC02703B86800512C26 = {
						CreatedOnToolsVersion = 12.5.1;
					};
				};
			};
			buildConfigurationList = EC8F5BBC2703B86800512C26 /* Build configuration list for PBXProject "Swift_Project33" */;
			compatibilityVersion = "Xcode 9.3";
			developmentRegion = en;
			hasScannedForEncodings = 0;
			knownRegions = (
				en,
				Base,
			);
			mainGroup = EC8F5BB82703B86800512C26;
			productRefGroup = EC8F5BC22703B86800512C26 /* Products */;
			projectDirPath = "";
			projectRoot = "";
			targets = (
				EC8F5BC02703B86800512C26 /* Swift_Project33 */,
			);
		};
/* End PBXProject section */

/* Begin PBXResourcesBuildPhase section */
		EC8F5BBF2703B86800512C26 /* Resources */ = {
			isa = PBXResourcesBuildPhase;
			buildActionMask = 2147483647;
			files = (
				EC8F5BD12703B86A00512C26 /* LaunchScreen.storyboard in Resources */,
				EC8F5BCE2703B86A00512C26 /* Assets.xcassets in Resources */,
				EC8F5BCC2703B86800512C26 /* Main.storyboard in Resources */,
			);
			runOnlyForDeploymentPostprocessing = 0;
		};
/* End PBXResourcesBuildPhase section */

/* Begin PBXSourcesBuildPhase section */
		EC8F5BBD2703B86800512C26 /* Sources */ = {
			isa = PBXSourcesBuildPhase;
			buildActionMask = 2147483647;
			files = (
				EC02C2BA270779BA002166E2 /* SubmitViewController.swift in Sources */,
				EC8F5BC92703B86800512C26 /* ViewController.swift in Sources */,
				EC8F5BC52703B86800512C26 /* AppDelegate.swift in Sources */,
				EC02C2B627051F04002166E2 /* SelectGenreViewController.swift in Sources */,
				EC8F5BD92703BB2400512C26 /* RecordWhistleViewController.swift in Sources */,
				EC02C2B8270529E7002166E2 /* AddCommentsViewController.swift in Sources */,
				EC8F5BC72703B86800512C26 /* SceneDelegate.swift in Sources */,
			);
			runOnlyForDeploymentPostprocessing = 0;
		};
/* End PBXSourcesBuildPhase section */

/* Begin PBXVariantGroup section */
		EC8F5BCA2703B86800512C26 /* Main.storyboard */ = {
			isa = PBXVariantGroup;
			children = (
				EC8F5BCB2703B86800512C26 /* Base */,
			);
			name = Main.storyboard;
			sourceTree = "<group>";
		};
		EC8F5BCF2703B86A00512C26 /* LaunchScreen.storyboard */ = {
			isa = PBXVariantGroup;
			children = (
				EC8F5BD02703B86A00512C26 /* Base */,
			);
			name = LaunchScreen.storyboard;
			sourceTree = "<group>";
		};
/* End PBXVariantGroup section */

/* Begin XCBuildConfiguration section */
		EC8F5BD32703B86A00512C26 /* Debug */ = {
			isa = XCBuildConfiguration;
			buildSettings = {
				ALWAYS_SEARCH_USER_PATHS = NO;
				CLANG_ANALYZER_NONNULL = YES;
				CLANG_ANALYZER_NUMBER_OBJECT_CONVERSION = YES_AGGRESSIVE;
				CLANG_CXX_LANGUAGE_STANDARD = "gnu++14";
				CLANG_CXX_LIBRARY = "libc++";
				CLANG_ENABLE_MODULES = YES;
				CLANG_ENABLE_OBJC_ARC = YES;
				CLANG_ENABLE_OBJC_WEAK = YES;
				CLANG_WARN_BLOCK_CAPTURE_AUTORELEASING = YES;
				CLANG_WARN_BOOL_CONVERSION = YES;
				CLANG_WARN_COMMA = YES;
				CLANG_WARN_CONSTANT_CONVERSION = YES;
				CLANG_WARN_DEPRECATED_OBJC_IMPLEMENTATIONS = YES;
				CLANG_WARN_DIRECT_OBJC_ISA_USAGE = YES_ERROR;
				CLANG_WARN_DOCUMENTATION_COMMENTS = YES;
				CLANG_WARN_EMPTY_BODY = YES;
				CLANG_WARN_ENUM_CONVERSION = YES;
				CLANG_WARN_INFINITE_RECURSION = YES;
				CLANG_WARN_INT_CONVERSION = YES;
				CLANG_WARN_NON_LITERAL_NULL_CONVERSION = YES;
				CLANG_WARN_OBJC_IMPLICIT_RETAIN_SELF = YES;
				CLANG_WARN_OBJC_LITERAL_CONVERSION = YES;
				CLANG_WARN_OBJC_ROOT_CLASS = YES_ERROR;
				CLANG_WARN_QUOTED_INCLUDE_IN_FRAMEWORK_HEADER = YES;
				CLANG_WARN_RANGE_LOOP_ANALYSIS = YES;
				CLANG_WARN_STRICT_PROTOTYPES = YES;
				CLANG_WARN_SUSPICIOUS_MOVE = YES;
				CLANG_WARN_UNGUARDED_AVAILABILITY = YES_AGGRESSIVE;
				CLANG_WARN_UNREACHABLE_CODE = YES;
				CLANG_WARN__DUPLICATE_METHOD_MATCH = YES;
				COPY_PHASE_STRIP = NO;
				DEBUG_INFORMATION_FORMAT = dwarf;
				ENABLE_STRICT_OBJC_MSGSEND = YES;
				ENABLE_TESTABILITY = YES;
				GCC_C_LANGUAGE_STANDARD = gnu11;
				GCC_DYNAMIC_NO_PIC = NO;
				GCC_NO_COMMON_BLOCKS = YES;
				GCC_OPTIMIZATION_LEVEL = 0;
				GCC_PREPROCESSOR_DEFINITIONS = (
					"DEBUG=1",
					"$(inherited)",
				);
				GCC_WARN_64_TO_32_BIT_CONVERSION = YES;
				GCC_WARN_ABOUT_RETURN_TYPE = YES_ERROR;
				GCC_WARN_UNDECLARED_SELECTOR = YES;
				GCC_WARN_UNINITIALIZED_AUTOS = YES_AGGRESSIVE;
				GCC_WARN_UNUSED_FUNCTION = YES;
				GCC_WARN_UNUSED_VARIABLE = YES;
				IPHONEOS_DEPLOYMENT_TARGET = 14.5;
				MTL_ENABLE_DEBUG_INFO = INCLUDE_SOURCE;
				MTL_FAST_MATH = YES;
				ONLY_ACTIVE_ARCH = YES;
				SDKROOT = iphoneos;
				SWIFT_ACTIVE_COMPILATION_CONDITIONS = DEBUG;
				SWIFT_OPTIMIZATION_LEVEL = "-Onone";
			};
			name = Debug;
		};
		EC8F5BD42703B86A00512C26 /* Release */ = {
			isa = XCBuildConfiguration;
			buildSettings = {
				ALWAYS_SEARCH_USER_PATHS = NO;
				CLANG_ANALYZER_NONNULL = YES;
				CLANG_ANALYZER_NUMBER_OBJECT_CONVERSION = YES_AGGRESSIVE;
				CLANG_CXX_LANGUAGE_STANDARD = "gnu++14";
				CLANG_CXX_LIBRARY = "libc++";
				CLANG_ENABLE_MODULES = YES;
				CLANG_ENABLE_OBJC_ARC = YES;
				CLANG_ENABLE_OBJC_WEAK = YES;
				CLANG_WARN_BLOCK_CAPTURE_AUTORELEASING = YES;
				CLANG_WARN_BOOL_CONVERSION = YES;
				CLANG_WARN_COMMA = YES;
				CLANG_WARN_CONSTANT_CONVERSION = YES;
				CLANG_WARN_DEPRECATED_OBJC_IMPLEMENTATIONS = YES;
				CLANG_WARN_DIRECT_OBJC_ISA_USAGE = YES_ERROR;
				CLANG_WARN_DOCUMENTATION_COMMENTS = YES;
				CLANG_WARN_EMPTY_BODY = YES;
				CLANG_WARN_ENUM_CONVERSION = YES;
				CLANG_WARN_INFINITE_RECURSION = YES;
				CLANG_WARN_INT_CONVERSION = YES;
				CLANG_WARN_NON_LITERAL_NULL_CONVERSION = YES;
				CLANG_WARN_OBJC_IMPLICIT_RETAIN_SELF = YES;
				CLANG_WARN_OBJC_LITERAL_CONVERSION = YES;
				CLANG_WARN_OBJC_ROOT_CLASS = YES_ERROR;
				CLANG_WARN_QUOTED_INCLUDE_IN_FRAMEWORK_HEADER = YES;
				CLANG_WARN_RANGE_LOOP_ANALYSIS = YES;
				CLANG_WARN_STRICT_PROTOTYPES = YES;
				CLANG_WARN_SUSPICIOUS_MOVE = YES;
				CLANG_WARN_UNGUARDED_AVAILABILITY = YES_AGGRESSIVE;
				CLANG_WARN_UNREACHABLE_CODE = YES;
				CLANG_WARN__DUPLICATE_METHOD_MATCH = YES;
				COPY_PHASE_STRIP = NO;
				DEBUG_INFORMATION_FORMAT = "dwarf-with-dsym";
				ENABLE_NS_ASSERTIONS = NO;
				ENABLE_STRICT_OBJC_MSGSEND = YES;
				GCC_C_LANGUAGE_STANDARD = gnu11;
				GCC_NO_COMMON_BLOCKS = YES;
				GCC_WARN_64_TO_32_BIT_CONVERSION = YES;
				GCC_WARN_ABOUT_RETURN_TYPE = YES_ERROR;
				GCC_WARN_UNDECLARED_SELECTOR = YES;
				GCC_WARN_UNINITIALIZED_AUTOS = YES_AGGRESSIVE;
				GCC_WARN_UNUSED_FUNCTION = YES;
				GCC_WARN_UNUSED_VARIABLE = YES;
				IPHONEOS_DEPLOYMENT_TARGET = 14.5;
				MTL_ENABLE_DEBUG_INFO = NO;
				MTL_FAST_MATH = YES;
				SDKROOT = iphoneos;
				SWIFT_COMPILATION_MODE = wholemodule;
				SWIFT_OPTIMIZATION_LEVEL = "-O";
				VALIDATE_PRODUCT = YES;
			};
			name = Release;
		};
		EC8F5BD62703B86A00512C26 /* Debug */ = {
			isa = XCBuildConfiguration;
			buildSettings = {
				ASSETCATALOG_COMPILER_APPICON_NAME = AppIcon;
				ASSETCATALOG_COMPILER_GLOBAL_ACCENT_COLOR_NAME = AccentColor;
				CODE_SIGN_STYLE = Automatic;
				DEVELOPMENT_TEAM = 7QAYF98LA4;
				INFOPLIST_FILE = Swift_Project33/Info.plist;
				LD_RUNPATH_SEARCH_PATHS = (
					"$(inherited)",
					"@executable_path/Frameworks",
				);
				PRODUCT_BUNDLE_IDENTIFIER = "aglegaspi.Swift-Project33";
				PRODUCT_NAME = "$(TARGET_NAME)";
				SWIFT_VERSION = 5.0;
				TARGETED_DEVICE_FAMILY = "1,2";
			};
			name = Debug;
		};
		EC8F5BD72703B86A00512C26 /* Release */ = {
			isa = XCBuildConfiguration;
			buildSettings = {
				ASSETCATALOG_COMPILER_APPICON_NAME = AppIcon;
				ASSETCATALOG_COMPILER_GLOBAL_ACCENT_COLOR_NAME = AccentColor;
				CODE_SIGN_STYLE = Automatic;
				DEVELOPMENT_TEAM = 7QAYF98LA4;
				INFOPLIST_FILE = Swift_Project33/Info.plist;
				LD_RUNPATH_SEARCH_PATHS = (
					"$(inherited)",
					"@executable_path/Frameworks",
				);
				PRODUCT_BUNDLE_IDENTIFIER = "aglegaspi.Swift-Project33";
				PRODUCT_NAME = "$(TARGET_NAME)";
				SWIFT_VERSION = 5.0;
				TARGETED_DEVICE_FAMILY = "1,2";
			};
			name = Release;
		};
/* End XCBuildConfiguration section */

/* Begin XCConfigurationList section */
		EC8F5BBC2703B86800512C26 /* Build configuration list for PBXProject "Swift_Project33" */ = {
			isa = XCConfigurationList;
			buildConfigurations = (
				EC8F5BD32703B86A00512C26 /* Debug */,
				EC8F5BD42703B86A00512C26 /* Release */,
			);
			defaultConfigurationIsVisible = 0;
			defaultConfigurationName = Release;
		};
		EC8F5BD52703B86A00512C26 /* Build configuration list for PBXNativeTarget "Swift_Project33" */ = {
			isa = XCConfigurationList;
			buildConfigurations = (
				EC8F5BD62703B86A00512C26 /* Debug */,
				EC8F5BD72703B86A00512C26 /* Release */,
			);
			defaultConfigurationIsVisible = 0;
			defaultConfigurationName = Release;
		};
/* End XCConfigurationList section */
	};
	rootObject = EC8F5BB92703B86800512C26 /* Project object */;
}
